{
  "name": "RandomColor",
  "version": "1.0.0",
  "lockfileVersion": 1,
  "requires": true,
  "dependencies": {
    "hsl-to-hex": {
      "version": "1.0.0",
      "resolved": "https://registry.npmjs.org/hsl-to-hex/-/hsl-to-hex-1.0.0.tgz",
      "integrity": "sha1-xYyCbcbS8eCl/x2lp+y/A/qsE1I=",
      "requires": {
        "hsl-to-rgb-for-reals": "^1.1.0"
      }
    },
    "hsl-to-rgb-for-reals": {
      "version": "1.1.1",
      "resolved": "https://registry.npmjs.org/hsl-to-rgb-for-reals/-/hsl-to-rgb-for-reals-1.1.1.tgz",
      "integrity": "sha512-LgOWAkrN0rFaQpfdWBQlv/VhkOxb5AsBjk6NQVx4yEzWS923T07X0M1Y0VNko2H52HeSpZrZNNMJ0aFqsdVzQg=="
    },
    "i": {
      "version": "0.3.6",
      "resolved": "https://registry.npmjs.org/i/-/i-0.3.6.tgz",
      "integrity": "sha1-2WyScyB28HJxG2sQ/X1PZa2O4j0="
    }
  }
}
